
Microsoft Visual Studio Solution File, Format Version 12.00
# Visual Studio Version 17
VisualStudioVersion = 17.4.33122.133
MinimumVisualStudioVersion = 10.0.40219.1
Project("{888888A0-9F3D-457C-B088-3A5042F75D52}") = "AuctionVerse", "AuctionVerse.pyproj", "{2E38E7EA-747C-4A0F-989A-9E2CD927495D}"
EndProject
Global
	GlobalSection(SolutionConfigurationPlatforms) = preSolution
		Debug|Any CPU = Debug|Any CPU
		Release|Any CPU = Release|Any CPU
	EndGlobalSection
	GlobalSection(ProjectConfigurationPlatforms) = postSolution
		{2E38E7EA-747C-4A0F-989A-9E2CD927495D}.Debug|Any CPU.ActiveCfg = Debug|Any CPU
		{2E38E7EA-747C-4A0F-989A-9E2CD927495D}.Debug|Any CPU.Build.0 = Debug|Any CPU
		{2E38E7EA-747C-4A0F-989A-9E2CD927495D}.Release|Any CPU.ActiveCfg = Release|Any CPU
		{2E38E7EA-747C-4A0F-989A-9E2CD927495D}.Release|Any CPU.Build.0 = Release|Any CPU
	EndGlobalSection
	GlobalSection(SolutionProperties) = preSolution
		HideSolutionNode = FALSE
	EndGlobalSection
	GlobalSection(ExtensibilityGlobals) = postSolution
		SolutionGuid = {75ED3F43-34D5-4F0E-86DD-A36110E355B8}
	EndGlobalSection
EndGlobal
